upstream:
  repository: https://github.com/O2eg/pg_diag
  tag: v0.9.0
  commit: 22b411d4c44ddaeac55bcde87c35f9229b1eed85
files:
- source: pg_diag/content/scripts/os/cpu_info.sh
  target: scripts/os/cpu_info.sh
  sha256: c1d5245635936311f56aa452aada0643e2319245ab9a1955d9cf1e35d18fc358
  donor_sha256: c1d5245635936311f56aa452aada0643e2319245ab9a1955d9cf1e35d18fc358
- source: pg_diag/content/scripts/os/df_h.sh
  target: scripts/os/df_h.sh
  sha256: dcd8f97f6bb48f7ee03351987ef7b108dfa6e83c62980d0e5fefb6024bf54349
  donor_sha256: dcd8f97f6bb48f7ee03351987ef7b108dfa6e83c62980d0e5fefb6024bf54349
- source: pg_diag/content/scripts/os/etc_fstab.sh
  target: scripts/os/etc_fstab.sh
  sha256: b519ebef1bb7cf8deb4f4c7ac349d82e2ebdd09c8607f4fc786dad9b2b7c0f5e
  donor_sha256: b519ebef1bb7cf8deb4f4c7ac349d82e2ebdd09c8607f4fc786dad9b2b7c0f5e
- source: pg_diag/content/scripts/os/etc_os_release.sh
  target: scripts/os/etc_os_release.sh
  sha256: 1b090466dddc2cd4a86587ddc6348a42c8efba1dc16464e5126215396b732073
  donor_sha256: 1b090466dddc2cd4a86587ddc6348a42c8efba1dc16464e5126215396b732073
- source: pg_diag/content/scripts/os/ip_br_addr.sh
  target: scripts/os/ip_br_addr.sh
  sha256: e1a335bc3638fbef3e01a781c6793384c83daea80ae24749b1eefa5050e62dba
  donor_sha256: e1a335bc3638fbef3e01a781c6793384c83daea80ae24749b1eefa5050e62dba
- source: pg_diag/content/scripts/os/lshw_bridge.sh
  target: scripts/os/lshw_bridge.sh
  sha256: 84790d9bcb733a7696713b6c7b307b1145dce33682667c9119aad8dc3c4d57c2
  donor_sha256: 84790d9bcb733a7696713b6c7b307b1145dce33682667c9119aad8dc3c4d57c2
- source: pg_diag/content/scripts/os/lshw_bus.sh
  target: scripts/os/lshw_bus.sh
  sha256: a521e55bab1f53c41d3878018ec96509a85fd05ac59d85d29794106312978562
  donor_sha256: a521e55bab1f53c41d3878018ec96509a85fd05ac59d85d29794106312978562
- source: pg_diag/content/scripts/os/lshw_communication.sh
  target: scripts/os/lshw_communication.sh
  sha256: 03c0a1a2489d751d2e5ebffa422e388904b9bef7a6afadffc283ce03810ae1cb
  donor_sha256: 03c0a1a2489d751d2e5ebffa422e388904b9bef7a6afadffc283ce03810ae1cb
- source: pg_diag/content/scripts/os/lshw_disk.sh
  target: scripts/os/lshw_disk.sh
  sha256: 2cda53da12e08b67fd74fe90bc057dfa4261921db32c316f1d490f94754187e7
  donor_sha256: 2cda53da12e08b67fd74fe90bc057dfa4261921db32c316f1d490f94754187e7
- source: pg_diag/content/scripts/os/lshw_display.sh
  target: scripts/os/lshw_display.sh
  sha256: 54bb1d9bb86cbb2b1ba7481b72e8fd7a2e5ee7c35e69b2e2ebf5993876e53a06
  donor_sha256: 54bb1d9bb86cbb2b1ba7481b72e8fd7a2e5ee7c35e69b2e2ebf5993876e53a06
- source: pg_diag/content/scripts/os/lshw_generic.sh
  target: scripts/os/lshw_generic.sh
  sha256: a019e0319937d70da50e886f1c2b60ad08dcd6cae1f443040b1312b728b64a2e
  donor_sha256: a019e0319937d70da50e886f1c2b60ad08dcd6cae1f443040b1312b728b64a2e
- source: pg_diag/content/scripts/os/lshw_input.sh
  target: scripts/os/lshw_input.sh
  sha256: 52227abc4f66678da208492836f889b977e6b435ab0aa3dc13ee6fc1e8d2bfdb
  donor_sha256: 52227abc4f66678da208492836f889b977e6b435ab0aa3dc13ee6fc1e8d2bfdb
- source: pg_diag/content/scripts/os/lshw_memory.sh
  target: scripts/os/lshw_memory.sh
  sha256: 782cfd0316eb59d4571ac6c17340e3a8b0de835d377f73ca59c8a3d01b1d1405
  donor_sha256: 782cfd0316eb59d4571ac6c17340e3a8b0de835d377f73ca59c8a3d01b1d1405
- source: pg_diag/content/scripts/os/lshw_multimedia.sh
  target: scripts/os/lshw_multimedia.sh
  sha256: 795919d9a88669996a319dd882b0210a239e005ef459ced76a24579ba012c543
  donor_sha256: 795919d9a88669996a319dd882b0210a239e005ef459ced76a24579ba012c543
- source: pg_diag/content/scripts/os/lshw_network.sh
  target: scripts/os/lshw_network.sh
  sha256: 7b9e45dcf082353569c2955e292e07670ee414821e765a73103ba7a274e558ec
  donor_sha256: 7b9e45dcf082353569c2955e292e07670ee414821e765a73103ba7a274e558ec
- source: pg_diag/content/scripts/os/lshw_power.sh
  target: scripts/os/lshw_power.sh
  sha256: 0ac67ccaa0718d697b5b89b788f97c91daa14031a032b0306aa4642bc251027e
  donor_sha256: 0ac67ccaa0718d697b5b89b788f97c91daa14031a032b0306aa4642bc251027e
- source: pg_diag/content/scripts/os/lshw_processor.sh
  target: scripts/os/lshw_processor.sh
  sha256: 973dcd6d33c67a6110db0e55ee3cd7197403ab2af5f6bdf83646c7938cab25cd
  donor_sha256: 973dcd6d33c67a6110db0e55ee3cd7197403ab2af5f6bdf83646c7938cab25cd
- source: pg_diag/content/scripts/os/lshw_storage.sh
  target: scripts/os/lshw_storage.sh
  sha256: e63e14fe65000a2bb44c21ae582fa33efebe686d6245e0a6aa892aba7064ceb6
  donor_sha256: e63e14fe65000a2bb44c21ae582fa33efebe686d6245e0a6aa892aba7064ceb6
- source: pg_diag/content/scripts/os/lshw_system.sh
  target: scripts/os/lshw_system.sh
  sha256: 7ee906c9d05e5638e4383f97521d4e898a89a89d30ca5ce93e810d2eb2d16cd9
  donor_sha256: 7ee906c9d05e5638e4383f97521d4e898a89a89d30ca5ce93e810d2eb2d16cd9
- source: pg_diag/content/scripts/os/lshw_volume.sh
  target: scripts/os/lshw_volume.sh
  sha256: b3001c7d06eb945240bf15232e77a5b1c564fbf73a479bd0b754b8583264f448
  donor_sha256: b3001c7d06eb945240bf15232e77a5b1c564fbf73a479bd0b754b8583264f448
- source: pg_diag/content/scripts/os/mount.sh
  target: scripts/os/mount.sh
  sha256: f296755ecd4ad77296da8326f706b7e75d67ee2f81fbef65bad55777cec240b1
  donor_sha256: f296755ecd4ad77296da8326f706b7e75d67ee2f81fbef65bad55777cec240b1
- source: pg_diag/content/scripts/os/sys_memory_total.sh
  target: scripts/os/sys_memory_total.sh
  sha256: 46909a3f77682236c9e7f5c273b0f2f6284ed21a510e2217f0f2c6122a1bd5f7
  donor_sha256: 46909a3f77682236c9e7f5c273b0f2f6284ed21a510e2217f0f2c6122a1bd5f7
- source: pg_diag/content/scripts/os/sysctl_net_ipv4_tcp.sh
  target: scripts/os/sysctl_net_ipv4_tcp.sh
  sha256: b1b50c1e80525ebc2dd10d7d2377f56605280637fd76860cbd2e858bf67957fd
  donor_sha256: b1b50c1e80525ebc2dd10d7d2377f56605280637fd76860cbd2e858bf67957fd
- source: pg_diag/content/scripts/os/sysctl_net_ipv4_udp.sh
  target: scripts/os/sysctl_net_ipv4_udp.sh
  sha256: 970e10299f6ad3b91a5f29c12fe44d6db60fdb70b8b14a507ccf56d66a684878
  donor_sha256: 970e10299f6ad3b91a5f29c12fe44d6db60fdb70b8b14a507ccf56d66a684878
- source: pg_diag/content/scripts/os/sysctl_vm.sh
  target: scripts/os/sysctl_vm.sh
  sha256: f05a185548970517c756627c29d1681348f5f89f61dfc51ecc9fce0bef7a1330
  donor_sha256: f05a185548970517c756627c29d1681348f5f89f61dfc51ecc9fce0bef7a1330
- source: pg_diag/content/scripts/os/total_ram.sh
  target: scripts/os/total_ram.sh
  sha256: 204150fdae63d43c270c557c102bbabf6dbebf50ee6f7194c89fb2516d344ba4
  donor_sha256: 204150fdae63d43c270c557c102bbabf6dbebf50ee6f7194c89fb2516d344ba4
- source: pg_diag/content/scripts/os/uname_a.sh
  target: scripts/os/uname_a.sh
  sha256: bf602351580ee6510df3deb80b0ec97ce0badb36ee869b9c70d2d34e45b1a8ce
  donor_sha256: bf602351580ee6510df3deb80b0ec97ce0badb36ee869b9c70d2d34e45b1a8ce
metric_contracts:
- id: os.cpu_utilization
  sha256: f461e27f3c70fe06f3d6f1e8c3a7385f348cedd09c12cad9aee840f51405593a
  donor_sha256: f461e27f3c70fe06f3d6f1e8c3a7385f348cedd09c12cad9aee840f51405593a
- id: os.cpu_load
  sha256: f7a2bad00c7ab653681b38319fea7a8502fc9fbbfa61b208a386e5d8f5f82e27
  donor_sha256: f7a2bad00c7ab653681b38319fea7a8502fc9fbbfa61b208a386e5d8f5f82e27
- id: os.memory_usage
  sha256: 096203d6f3b8d45b2ae1f6c640d5b144a4adc8da3991a86a489f4cc3466f5f26
  donor_sha256: 096203d6f3b8d45b2ae1f6c640d5b144a4adc8da3991a86a489f4cc3466f5f26
- id: os.memory_pressure
  sha256: 093251f3ca4fb3f02601898cbb608759c0707a8c845344e4b3ba4c043e24cf07
  donor_sha256: 093251f3ca4fb3f02601898cbb608759c0707a8c845344e4b3ba4c043e24cf07
- id: os.disk_read_throughput
  sha256: 8c5b9c6aea3ffecc8454c7a1a0415f228b146d167f31a00e15421550ea544701
  donor_sha256: 8c5b9c6aea3ffecc8454c7a1a0415f228b146d167f31a00e15421550ea544701
- id: os.disk_write_throughput
  sha256: cb436045041eecf128753b459c71a1845d89b51045cca1cf70ac2145a590654d
  donor_sha256: cb436045041eecf128753b459c71a1845d89b51045cca1cf70ac2145a590654d
- id: os.disk_iops
  sha256: 2a8e1513db4ac518f1d9ad2c47dcb653c7b6315798ce47f151f4e59d3ebc401c
  donor_sha256: 2a8e1513db4ac518f1d9ad2c47dcb653c7b6315798ce47f151f4e59d3ebc401c
- id: os.disk_utilization
  sha256: 8a8f9eff2ff48f0b27a16309cc9d5f89b18d46d8ac21aed72d5d72de74f67264
  donor_sha256: 8a8f9eff2ff48f0b27a16309cc9d5f89b18d46d8ac21aed72d5d72de74f67264
- id: os.disk_latency
  sha256: 18ddb5853b5939188310bd976a3cc8017e9cac1f53da7358a7db1fa6c1514f6e
  donor_sha256: 18ddb5853b5939188310bd976a3cc8017e9cac1f53da7358a7db1fa6c1514f6e
- id: os.network_receive_throughput
  sha256: f3735c0cff0d5ba79e40afcd571b9029dfcd4fad660a2cd5d875ab1fb4145a11
  donor_sha256: f3735c0cff0d5ba79e40afcd571b9029dfcd4fad660a2cd5d875ab1fb4145a11
- id: os.network_transmit_throughput
  sha256: f7368ba401413a3584625b728852afe0e1cda2400dd907de4af54a81d0f08182
  donor_sha256: f7368ba401413a3584625b728852afe0e1cda2400dd907de4af54a81d0f08182
- id: os.network_packets
  sha256: 50fa928e63044c1c14e09120a1c6f0e84add761048ef52d8a7a9f1f8186d5a16
  donor_sha256: 50fa928e63044c1c14e09120a1c6f0e84add761048ef52d8a7a9f1f8186d5a16
allowed_differences: []
